// !$*UTF8*$!
{
	archiveVersion = 1;
	classes = {
	};
	objectVersion = 56;
	objects = {

/* Begin PBXBuildFile section */
		C9E9294329DAC48900A6DBBF /* AppDelegate.swift in Sources */ = {isa = PBXBuildFile; fileRef = C9E9294229DAC48900A6DBBF /* AppDelegate.swift */; };
		C9E9294529DAC48900A6DBBF /* SceneDelegate.swift in Sources */ = {isa = PBXBuildFile; fileRef = C9E9294429DAC48900A6DBBF /* SceneDelegate.swift */; };
		C9E9294D29DAC48900A6DBBF /* MainPizzaScreen.xcdatamodeld in Sources */ = {isa = PBXBuildFile; fileRef = C9E9294B29DAC48900A6DBBF /* MainPizzaScreen.xcdatamodeld */; };
		C9E9294F29DAC48B00A6DBBF /* Assets.xcassets in Resources */ = {isa = PBXBuildFile; fileRef = C9E9294E29DAC48B00A6DBBF /* Assets.xcassets */; };
		C9E9295229DAC48B00A6DBBF /* LaunchScreen.storyboard in Resources */ = {isa = PBXBuildFile; fileRef = C9E9295029DAC48B00A6DBBF /* LaunchScreen.storyboard */; };
		C9E9296E29DAC6C700A6DBBF /* MenuPresenter.swift in Sources */ = {isa = PBXBuildFile; fileRef = C9E9296829DAC6C700A6DBBF /* MenuPresenter.swift */; };
		C9E9296F29DAC6C700A6DBBF /* MenuWorker.swift in Sources */ = {isa = PBXBuildFile; fileRef = C9E9296929DAC6C700A6DBBF /* MenuWorker.swift */; };
		C9E9297029DAC6C700A6DBBF /* MenuRouter.swift in Sources */ = {isa = PBXBuildFile; fileRef = C9E9296A29DAC6C700A6DBBF /* MenuRouter.swift */; };
		C9E9297129DAC6C700A6DBBF /* MenuModels.swift in Sources */ = {isa = PBXBuildFile; fileRef = C9E9296B29DAC6C700A6DBBF /* MenuModels.swift */; };
		C9E9297229DAC6C700A6DBBF /* MenuViewController.swift in Sources */ = {isa = PBXBuildFile; fileRef = C9E9296C29DAC6C700A6DBBF /* MenuViewController.swift */; };
		C9E9297329DAC6C700A6DBBF /* MenuInteractor.swift in Sources */ = {isa = PBXBuildFile; fileRef = C9E9296D29DAC6C700A6DBBF /* MenuInteractor.swift */; };
		C9E9297629DACACA00A6DBBF /* MainTabBarViewController.swift in Sources */ = {isa = PBXBuildFile; fileRef = C9E9297529DACACA00A6DBBF /* MainTabBarViewController.swift */; };
		C9E9297D29DAD04F00A6DBBF /* ProfileViewController.swift in Sources */ = {isa = PBXBuildFile; fileRef = C9E9297C29DAD04F00A6DBBF /* ProfileViewController.swift */; };
		C9E9298029DAD08900A6DBBF /* BasketViewController.swift in Sources */ = {isa = PBXBuildFile; fileRef = C9E9297F29DAD08900A6DBBF /* BasketViewController.swift */; };
		C9E9298329DAD13000A6DBBF /* ContactsViewController.swift in Sources */ = {isa = PBXBuildFile; fileRef = C9E9298229DAD13000A6DBBF /* ContactsViewController.swift */; };
		C9E9298629DAD51500A6DBBF /* MenuCollectionViewCell.swift in Sources */ = {isa = PBXBuildFile; fileRef = C9E9298529DAD51500A6DBBF /* MenuCollectionViewCell.swift */; };
		C9E9298829DAD54800A6DBBF /* MenuController.swift in Sources */ = {isa = PBXBuildFile; fileRef = C9E9298729DAD54800A6DBBF /* MenuController.swift */; };
		C9E9298A29DD8E5100A6DBBF /* FilterView.swift in Sources */ = {isa = PBXBuildFile; fileRef = C9E9298929DD8E5100A6DBBF /* FilterView.swift */; };
		C9E9298C29DD934300A6DBBF /* FilterCollectionViewCell.swift in Sources */ = {isa = PBXBuildFile; fileRef = C9E9298B29DD934300A6DBBF /* FilterCollectionViewCell.swift */; };
		C9E9298F29DDAEFB00A6DBBF /* UIView+Extension.swift in Sources */ = {isa = PBXBuildFile; fileRef = C9E9298E29DDAEFB00A6DBBF /* UIView+Extension.swift */; };
		C9E9299229DDB11400A6DBBF /* ColorHex.swift in Sources */ = {isa = PBXBuildFile; fileRef = C9E9299129DDB11400A6DBBF /* ColorHex.swift */; };
		C9E9299829DE062000A6DBBF /* AdvertisementCollectionViewCell.swift in Sources */ = {isa = PBXBuildFile; fileRef = C9E9299729DE062000A6DBBF /* AdvertisementCollectionViewCell.swift */; };
		C9E9299B29DEEC2700A6DBBF /* Service.swift in Sources */ = {isa = PBXBuildFile; fileRef = C9E9299A29DEEC2700A6DBBF /* Service.swift */; };
		C9E9299D29DEEE9900A6DBBF /* ServiceFetcher.swift in Sources */ = {isa = PBXBuildFile; fileRef = C9E9299C29DEEE9900A6DBBF /* ServiceFetcher.swift */; };
		C9E929A029DEEF0F00A6DBBF /* NetProductModel.swift in Sources */ = {isa = PBXBuildFile; fileRef = C9E9299F29DEEF0F00A6DBBF /* NetProductModel.swift */; };
		C9E929A329DEFCB300A6DBBF /* SDWebImage in Frameworks */ = {isa = PBXBuildFile; productRef = C9E929A229DEFCB300A6DBBF /* SDWebImage */; };
		C9E929A529E372EF00A6DBBF /* UIViewController+Extension.swift in Sources */ = {isa = PBXBuildFile; fileRef = C9E929A429E372EF00A6DBBF /* UIViewController+Extension.swift */; };
/* End PBXBuildFile section */

/* Begin PBXFileReference section */
		C9E9293F29DAC48900A6DBBF /* MainPizzaScreen.app */ = {isa = PBXFileReference; explicitFileType = wrapper.application; includeInIndex = 0; path = MainPizzaScreen.app; sourceTree = BUILT_PRODUCTS_DIR; };
		C9E9294229DAC48900A6DBBF /* AppDelegate.swift */ = {isa = PBXFileReference; lastKnownFileType = sourcecode.swift; path = AppDelegate.swift; sourceTree = "<group>"; };
		C9E9294429DAC48900A6DBBF /* SceneDelegate.swift */ = {isa = PBXFileReference; lastKnownFileType = sourcecode.swift; path = SceneDelegate.swift; sourceTree = "<group>"; };
		C9E9294C29DAC48900A6DBBF /* MainPizzaScreen.xcdatamodel */ = {isa = PBXFileReference; lastKnownFileType = wrapper.xcdatamodel; path = MainPizzaScreen.xcdatamodel; sourceTree = "<group>"; };
		C9E9294E29DAC48B00A6DBBF /* Assets.xcassets */ = {isa = PBXFileReference; lastKnownFileType = folder.assetcatalog; path = Assets.xcassets; sourceTree = "<group>"; };
		C9E9295129DAC48B00A6DBBF /* Base */ = {isa = PBXFileReference; lastKnownFileType = file.storyboard; name = Base; path = Base.lproj/LaunchScreen.storyboard; sourceTree = "<group>"; };
		C9E9295329DAC48B00A6DBBF /* Info.plist */ = {isa = PBXFileReference; lastKnownFileType = text.plist.xml; path = Info.plist; sourceTree = "<group>"; };
		C9E9296829DAC6C700A6DBBF /* MenuPresenter.swift */ = {isa = PBXFileReference; lastKnownFileType = sourcecode.swift; path = MenuPresenter.swift; sourceTree = "<group>"; };
		C9E9296929DAC6C700A6DBBF /* MenuWorker.swift */ = {isa = PBXFileReference; lastKnownFileType = sourcecode.swift; path = MenuWorker.swift; sourceTree = "<group>"; };
		C9E9296A29DAC6C700A6DBBF /* MenuRouter.swift */ = {isa = PBXFileReference; lastKnownFileType = sourcecode.swift; path = MenuRouter.swift; sourceTree = "<group>"; };
		C9E9296B29DAC6C700A6DBBF /* MenuModels.swift */ = {isa = PBXFileReference; lastKnownFileType = sourcecode.swift; path = MenuModels.swift; sourceTree = "<group>"; };
		C9E9296C29DAC6C700A6DBBF /* MenuViewController.swift */ = {isa = PBXFileReference; lastKnownFileType = sourcecode.swift; path = MenuViewController.swift; sourceTree = "<group>"; };
		C9E9296D29DAC6C700A6DBBF /* MenuInteractor.swift */ = {isa = PBXFileReference; lastKnownFileType = sourcecode.swift; path = MenuInteractor.swift; sourceTree = "<group>"; };
		C9E9297529DACACA00A6DBBF /* MainTabBarViewController.swift */ = {isa = PBXFileReference; lastKnownFileType = sourcecode.swift; path = MainTabBarViewController.swift; sourceTree = "<group>"; };
		C9E9297C29DAD04F00A6DBBF /* ProfileViewController.swift */ = {isa = PBXFileReference; lastKnownFileType = sourcecode.swift; path = ProfileViewController.swift; sourceTree = "<group>"; };
		C9E9297F29DAD08900A6DBBF /* BasketViewController.swift */ = {isa = PBXFileReference; lastKnownFileType = sourcecode.swift; path = BasketViewController.swift; sourceTree = "<group>"; };
		C9E9298229DAD13000A6DBBF /* ContactsViewController.swift */ = {isa = PBXFileReference; lastKnownFileType = sourcecode.swift; path = ContactsViewController.swift; sourceTree = "<group>"; };
		C9E9298529DAD51500A6DBBF /* MenuCollectionViewCell.swift */ = {isa = PBXFileReference; fileEncoding = 4; lastKnownFileType = sourcecode.swift; path = MenuCollectionViewCell.swift; sourceTree = "<group>"; };
		C9E9298729DAD54800A6DBBF /* MenuController.swift */ = {isa = PBXFileReference; fileEncoding = 4; lastKnownFileType = sourcecode.swift; path = MenuController.swift; sourceTree = "<group>"; };
		C9E9298929DD8E5100A6DBBF /* FilterView.swift */ = {isa = PBXFileReference; lastKnownFileType = sourcecode.swift; path = FilterView.swift; sourceTree = "<group>"; };
		C9E9298B29DD934300A6DBBF /* FilterCollectionViewCell.swift */ = {isa = PBXFileReference; fileEncoding = 4; lastKnownFileType = sourcecode.swift; path = FilterCollectionViewCell.swift; sourceTree = "<group>"; };
		C9E9298E29DDAEFB00A6DBBF /* UIView+Extension.swift */ = {isa = PBXFileReference; lastKnownFileType = sourcecode.swift; path = "UIView+Extension.swift"; sourceTree = "<group>"; };
		C9E9299129DDB11400A6DBBF /* ColorHex.swift */ = {isa = PBXFileReference; lastKnownFileType = sourcecode.swift; path = ColorHex.swift; sourceTree = "<group>"; };
		C9E9299729DE062000A6DBBF /* AdvertisementCollectionViewCell.swift */ = {isa = PBXFileReference; lastKnownFileType = sourcecode.swift; path = AdvertisementCollectionViewCell.swift; sourceTree = "<group>"; };
		C9E9299A29DEEC2700A6DBBF /* Service.swift */ = {isa = PBXFileReference; lastKnownFileType = sourcecode.swift; path = Service.swift; sourceTree = "<group>"; };
		C9E9299C29DEEE9900A6DBBF /* ServiceFetcher.swift */ = {isa = PBXFileReference; lastKnownFileType = sourcecode.swift; path = ServiceFetcher.swift; sourceTree = "<group>"; };
		C9E9299F29DEEF0F00A6DBBF /* NetProductModel.swift */ = {isa = PBXFileReference; lastKnownFileType = sourcecode.swift; path = NetProductModel.swift; sourceTree = "<group>"; };
		C9E929A429E372EF00A6DBBF /* UIViewController+Extension.swift */ = {isa = PBXFileReference; lastKnownFileType = sourcecode.swift; path = "UIViewController+Extension.swift"; sourceTree = "<group>"; };
/* End PBXFileReference section */

/* Begin PBXFrameworksBuildPhase section */
		C9E9293C29DAC48900A6DBBF /* Frameworks */ = {
			isa = PBXFrameworksBuildPhase;
			buildActionMask = 2147483647;
			files = (
				C9E929A329DEFCB300A6DBBF /* SDWebImage in Frameworks */,
			);
			runOnlyForDeploymentPostprocessing = 0;
		};
/* End PBXFrameworksBuildPhase section */

/* Begin PBXGroup section */
		C9E9293629DAC48900A6DBBF = {
			isa = PBXGroup;
			children = (
				C9E9294129DAC48900A6DBBF /* MainPizzaScreen */,
				C9E9294029DAC48900A6DBBF /* Products */,
			);
			sourceTree = "<group>";
		};
		C9E9294029DAC48900A6DBBF /* Products */ = {
			isa = PBXGroup;
			children = (
				C9E9293F29DAC48900A6DBBF /* MainPizzaScreen.app */,
			);
			name = Products;
			sourceTree = "<group>";
		};
		C9E9294129DAC48900A6DBBF /* MainPizzaScreen */ = {
			isa = PBXGroup;
			children = (
				C9E9294229DAC48900A6DBBF /* AppDelegate.swift */,
				C9E9294429DAC48900A6DBBF /* SceneDelegate.swift */,
				C9E9299E29DEEEF200A6DBBF /* Models */,
				C9E9299929DEEC1700A6DBBF /* Network */,
				C9E9295929DAC4F300A6DBBF /* Modules */,
				C9E9298D29DDAEE500A6DBBF /* Extentions */,
				C9E9294E29DAC48B00A6DBBF /* Assets.xcassets */,
				C9E9295029DAC48B00A6DBBF /* LaunchScreen.storyboard */,
				C9E9295329DAC48B00A6DBBF /* Info.plist */,
				C9E9294B29DAC48900A6DBBF /* MainPizzaScreen.xcdatamodeld */,
			);
			path = MainPizzaScreen;
			sourceTree = "<group>";
		};
		C9E9295929DAC4F300A6DBBF /* Modules */ = {
			isa = PBXGroup;
			children = (
				C9E9297429DACAA500A6DBBF /* MainTabBar */,
				C9E9296729DAC6B900A6DBBF /* Menu */,
				C9E9298129DAD11E00A6DBBF /* Contacts */,
				C9E9297B29DAD03E00A6DBBF /* Profile */,
				C9E9297E29DAD06D00A6DBBF /* Basket */,
			);
			path = Modules;
			sourceTree = "<group>";
		};
		C9E9296729DAC6B900A6DBBF /* Menu */ = {
			isa = PBXGroup;
			children = (
				C9E9298429DAD50400A6DBBF /* views */,
				C9E9296829DAC6C700A6DBBF /* MenuPresenter.swift */,
				C9E9296929DAC6C700A6DBBF /* MenuWorker.swift */,
				C9E9296A29DAC6C700A6DBBF /* MenuRouter.swift */,
				C9E9296B29DAC6C700A6DBBF /* MenuModels.swift */,
				C9E9296C29DAC6C700A6DBBF /* MenuViewController.swift */,
				C9E9296D29DAC6C700A6DBBF /* MenuInteractor.swift */,
				C9E9298729DAD54800A6DBBF /* MenuController.swift */,
			);
			path = Menu;
			sourceTree = "<group>";
		};
		C9E9297429DACAA500A6DBBF /* MainTabBar */ = {
			isa = PBXGroup;
			children = (
				C9E9297529DACACA00A6DBBF /* MainTabBarViewController.swift */,
			);
			path = MainTabBar;
			sourceTree = "<group>";
		};
		C9E9297B29DAD03E00A6DBBF /* Profile */ = {
			isa = PBXGroup;
			children = (
				C9E9297C29DAD04F00A6DBBF /* ProfileViewController.swift */,
			);
			path = Profile;
			sourceTree = "<group>";
		};
		C9E9297E29DAD06D00A6DBBF /* Basket */ = {
			isa = PBXGroup;
			children = (
				C9E9297F29DAD08900A6DBBF /* BasketViewController.swift */,
			);
			path = Basket;
			sourceTree = "<group>";
		};
		C9E9298129DAD11E00A6DBBF /* Contacts */ = {
			isa = PBXGroup;
			children = (
				C9E9298229DAD13000A6DBBF /* ContactsViewController.swift */,
			);
			path = Contacts;
			sourceTree = "<group>";
		};
		C9E9298429DAD50400A6DBBF /* views */ = {
			isa = PBXGroup;
			children = (
				C9E9299629DE012300A6DBBF /* ReusableViews */,
				C9E9299329DE00A300A6DBBF /* cells */,
			);
			path = views;
			sourceTree = "<group>";
		};
		C9E9298D29DDAEE500A6DBBF /* Extentions */ = {
			isa = PBXGroup;
			children = (
				C9E9298E29DDAEFB00A6DBBF /* UIView+Extension.swift */,
				C9E929A429E372EF00A6DBBF /* UIViewController+Extension.swift */,
				C9E9299129DDB11400A6DBBF /* ColorHex.swift */,
			);
			path = Extentions;
			sourceTree = "<group>";
		};
		C9E9299329DE00A300A6DBBF /* cells */ = {
			isa = PBXGroup;
			children = (
				C9E9298529DAD51500A6DBBF /* MenuCollectionViewCell.swift */,
				C9E9298B29DD934300A6DBBF /* FilterCollectionViewCell.swift */,
				C9E9299729DE062000A6DBBF /* AdvertisementCollectionViewCell.swift */,
			);
			path = cells;
			sourceTree = "<group>";
		};
		C9E9299629DE012300A6DBBF /* ReusableViews */ = {
			isa = PBXGroup;
			children = (
				C9E9298929DD8E5100A6DBBF /* FilterView.swift */,
			);
			path = ReusableViews;
			sourceTree = "<group>";
		};
		C9E9299929DEEC1700A6DBBF /* Network */ = {
			isa = PBXGroup;
			children = (
				C9E9299A29DEEC2700A6DBBF /* Service.swift */,
				C9E9299C29DEEE9900A6DBBF /* ServiceFetcher.swift */,
			);
			path = Network;
			sourceTree = "<group>";
		};
		C9E9299E29DEEEF200A6DBBF /* Models */ = {
			isa = PBXGroup;
			children = (
				C9E9299F29DEEF0F00A6DBBF /* NetProductModel.swift */,
			);
			path = Models;
			sourceTree = "<group>";
		};
/* End PBXGroup section */

/* Begin PBXNativeTarget section */
		C9E9293E29DAC48900A6DBBF /* MainPizzaScreen */ = {
			isa = PBXNativeTarget;
			buildConfigurationList = C9E9295629DAC48B00A6DBBF /* Build configuration list for PBXNativeTarget "MainPizzaScreen" */;
			buildPhases = (
				C9E9293B29DAC48900A6DBBF /* Sources */,
				C9E9293C29DAC48900A6DBBF /* Frameworks */,
				C9E9293D29DAC48900A6DBBF /* Resources */,
			);
			buildRules = (
			);
			dependencies = (
			);
			name = MainPizzaScreen;
			packageProductDependencies = (
				C9E929A229DEFCB300A6DBBF /* SDWebImage */,
			);
			productName = MainPizzaScreen;
			productReference = C9E9293F29DAC48900A6DBBF /* MainPizzaScreen.app */;
			productType = "com.apple.product-type.application";
		};
/* End PBXNativeTarget section */

/* Begin PBXProject section */
		C9E9293729DAC48900A6DBBF /* Project object */ = {
			isa = PBXProject;
			attributes = {
				BuildIndependentTargetsInParallel = 1;
				LastSwiftUpdateCheck = 1420;
				LastUpgradeCheck = 1420;
				TargetAttributes = {
					C9E9293E29DAC48900A6DBBF = {
						CreatedOnToolsVersion = 14.2;
					};
				};
			};
			buildConfigurationList = C9E9293A29DAC48900A6DBBF /* Build configuration list for PBXProject "MainPizzaScreen" */;
			compatibilityVersion = "Xcode 14.0";
			developmentRegion = en;
			hasScannedForEncodings = 0;
			knownRegions = (
				en,
				Base,
			);
			mainGroup = C9E9293629DAC48900A6DBBF;
			packageReferences = (
				C9E929A129DEFCB300A6DBBF /* XCRemoteSwiftPackageReference "SDWebImage" */,
			);
			productRefGroup = C9E9294029DAC48900A6DBBF /* Products */;
			projectDirPath = "";
			projectRoot = "";
			targets = (
				C9E9293E29DAC48900A6DBBF /* MainPizzaScreen */,
			);
		};
/* End PBXProject section */

/* Begin PBXResourcesBuildPhase section */
		C9E9293D29DAC48900A6DBBF /* Resources */ = {
			isa = PBXResourcesBuildPhase;
			buildActionMask = 2147483647;
			files = (
				C9E9295229DAC48B00A6DBBF /* LaunchScreen.storyboard in Resources */,
				C9E9294F29DAC48B00A6DBBF /* Assets.xcassets in Resources */,
			);
			runOnlyForDeploymentPostprocessing = 0;
		};
/* End PBXResourcesBuildPhase section */

/* Begin PBXSourcesBuildPhase section */
		C9E9293B29DAC48900A6DBBF /* Sources */ = {
			isa = PBXSourcesBuildPhase;
			buildActionMask = 2147483647;
			files = (
				C9E929A529E372EF00A6DBBF /* UIViewController+Extension.swift in Sources */,
				C9E9298829DAD54800A6DBBF /* MenuController.swift in Sources */,
				C9E9297329DAC6C700A6DBBF /* MenuInteractor.swift in Sources */,
				C9E9298329DAD13000A6DBBF /* ContactsViewController.swift in Sources */,
				C9E9299829DE062000A6DBBF /* AdvertisementCollectionViewCell.swift in Sources */,
				C9E9298029DAD08900A6DBBF /* BasketViewController.swift in Sources */,
				C9E9294329DAC48900A6DBBF /* AppDelegate.swift in Sources */,
				C9E9294529DAC48900A6DBBF /* SceneDelegate.swift in Sources */,
				C9E9296F29DAC6C700A6DBBF /* MenuWorker.swift in Sources */,
				C9E9299D29DEEE9900A6DBBF /* ServiceFetcher.swift in Sources */,
				C9E9294D29DAC48900A6DBBF /* MainPizzaScreen.xcdatamodeld in Sources */,
				C9E9297D29DAD04F00A6DBBF /* ProfileViewController.swift in Sources */,
				C9E9298C29DD934300A6DBBF /* FilterCollectionViewCell.swift in Sources */,
				C9E9297629DACACA00A6DBBF /* MainTabBarViewController.swift in Sources */,
				C9E9298629DAD51500A6DBBF /* MenuCollectionViewCell.swift in Sources */,
				C9E9299229DDB11400A6DBBF /* ColorHex.swift in Sources */,
				C9E9296E29DAC6C700A6DBBF /* MenuPresenter.swift in Sources */,
				C9E929A029DEEF0F00A6DBBF /* NetProductModel.swift in Sources */,
				C9E9298A29DD8E5100A6DBBF /* FilterView.swift in Sources */,
				C9E9298F29DDAEFB00A6DBBF /* UIView+Extension.swift in Sources */,
				C9E9297129DAC6C700A6DBBF /* MenuModels.swift in Sources */,
				C9E9299B29DEEC2700A6DBBF /* Service.swift in Sources */,
				C9E9297029DAC6C700A6DBBF /* MenuRouter.swift in Sources */,
				C9E9297229DAC6C700A6DBBF /* MenuViewController.swift in Sources */,
			);
			runOnlyForDeploymentPostprocessing = 0;
		};
/* End PBXSourcesBuildPhase section */

/* Begin PBXVariantGroup section */
		C9E9295029DAC48B00A6DBBF /* LaunchScreen.storyboard */ = {
			isa = PBXVariantGroup;
			children = (
				C9E9295129DAC48B00A6DBBF /* Base */,
			);
			name = LaunchScreen.storyboard;
			sourceTree = "<group>";
		};
/* End PBXVariantGroup section */

/* Begin XCBuildConfiguration section */
		C9E9295429DAC48B00A6DBBF /* Debug */ = {
			isa = XCBuildConfiguration;
			buildSettings = {
				ALWAYS_SEARCH_USER_PATHS = NO;
				CLANG_ANALYZER_NONNULL = YES;
				CLANG_ANALYZER_NUMBER_OBJECT_CONVERSION = YES_AGGRESSIVE;
				CLANG_CXX_LANGUAGE_STANDARD = "gnu++20";
				CLANG_ENABLE_MODULES = YES;
				CLANG_ENABLE_OBJC_ARC = YES;
				CLANG_ENABLE_OBJC_WEAK = YES;
				CLANG_WARN_BLOCK_CAPTURE_AUTORELEASING = YES;
				CLANG_WARN_BOOL_CONVERSION = YES;
				CLANG_WARN_COMMA = YES;
				CLANG_WARN_CONSTANT_CONVERSION = YES;
				CLANG_WARN_DEPRECATED_OBJC_IMPLEMENTATIONS = YES;
				CLANG_WARN_DIRECT_OBJC_ISA_USAGE = YES_ERROR;
				CLANG_WARN_DOCUMENTATION_COMMENTS = YES;
				CLANG_WARN_EMPTY_BODY = YES;
				CLANG_WARN_ENUM_CONVERSION = YES;
				CLANG_WARN_INFINITE_RECURSION = YES;
				CLANG_WARN_INT_CONVERSION = YES;
				CLANG_WARN_NON_LITERAL_NULL_CONVERSION = YES;
				CLANG_WARN_OBJC_IMPLICIT_RETAIN_SELF = YES;
				CLANG_WARN_OBJC_LITERAL_CONVERSION = YES;
				CLANG_WARN_OBJC_ROOT_CLASS = YES_ERROR;
				CLANG_WARN_QUOTED_INCLUDE_IN_FRAMEWORK_HEADER = YES;
				CLANG_WARN_RANGE_LOOP_ANALYSIS = YES;
				CLANG_WARN_STRICT_PROTOTYPES = YES;
				CLANG_WARN_SUSPICIOUS_MOVE = YES;
				CLANG_WARN_UNGUARDED_AVAILABILITY = YES_AGGRESSIVE;
				CLANG_WARN_UNREACHABLE_CODE = YES;
				CLANG_WARN__DUPLICATE_METHOD_MATCH = YES;
				COPY_PHASE_STRIP = NO;
				DEBUG_INFORMATION_FORMAT = dwarf;
				ENABLE_STRICT_OBJC_MSGSEND = YES;
				ENABLE_TESTABILITY = YES;
				GCC_C_LANGUAGE_STANDARD = gnu11;
				GCC_DYNAMIC_NO_PIC = NO;
				GCC_NO_COMMON_BLOCKS = YES;
				GCC_OPTIMIZATION_LEVEL = 0;
				GCC_PREPROCESSOR_DEFINITIONS = (
					"DEBUG=1",
					"$(inherited)",
				);
				GCC_WARN_64_TO_32_BIT_CONVERSION = YES;
				GCC_WARN_ABOUT_RETURN_TYPE = YES_ERROR;
				GCC_WARN_UNDECLARED_SELECTOR = YES;
				GCC_WARN_UNINITIALIZED_AUTOS = YES_AGGRESSIVE;
				GCC_WARN_UNUSED_FUNCTION = YES;
				GCC_WARN_UNUSED_VARIABLE = YES;
				IPHONEOS_DEPLOYMENT_TARGET = 14.0;
				MTL_ENABLE_DEBUG_INFO = INCLUDE_SOURCE;
				MTL_FAST_MATH = YES;
				ONLY_ACTIVE_ARCH = YES;
				SDKROOT = iphoneos;
				SWIFT_ACTIVE_COMPILATION_CONDITIONS = DEBUG;
				SWIFT_OPTIMIZATION_LEVEL = "-Onone";
			};
			name = Debug;
		};
		C9E9295529DAC48B00A6DBBF /* Release */ = {
			isa = XCBuildConfiguration;
			buildSettings = {
				ALWAYS_SEARCH_USER_PATHS = NO;
				CLANG_ANALYZER_NONNULL = YES;
				CLANG_ANALYZER_NUMBER_OBJECT_CONVERSION = YES_AGGRESSIVE;
				CLANG_CXX_LANGUAGE_STANDARD = "gnu++20";
				CLANG_ENABLE_MODULES = YES;
				CLANG_ENABLE_OBJC_ARC = YES;
				CLANG_ENABLE_OBJC_WEAK = YES;
				CLANG_WARN_BLOCK_CAPTURE_AUTORELEASING = YES;
				CLANG_WARN_BOOL_CONVERSION = YES;
				CLANG_WARN_COMMA = YES;
				CLANG_WARN_CONSTANT_CONVERSION = YES;
				CLANG_WARN_DEPRECATED_OBJC_IMPLEMENTATIONS = YES;
				CLANG_WARN_DIRECT_OBJC_ISA_USAGE = YES_ERROR;
				CLANG_WARN_DOCUMENTATION_COMMENTS = YES;
				CLANG_WARN_EMPTY_BODY = YES;
				CLANG_WARN_ENUM_CONVERSION = YES;
				CLANG_WARN_INFINITE_RECURSION = YES;
				CLANG_WARN_INT_CONVERSION = YES;
				CLANG_WARN_NON_LITERAL_NULL_CONVERSION = YES;
				CLANG_WARN_OBJC_IMPLICIT_RETAIN_SELF = YES;
				CLANG_WARN_OBJC_LITERAL_CONVERSION = YES;
				CLANG_WARN_OBJC_ROOT_CLASS = YES_ERROR;
				CLANG_WARN_QUOTED_INCLUDE_IN_FRAMEWORK_HEADER = YES;
				CLANG_WARN_RANGE_LOOP_ANALYSIS = YES;
				CLANG_WARN_STRICT_PROTOTYPES = YES;
				CLANG_WARN_SUSPICIOUS_MOVE = YES;
				CLANG_WARN_UNGUARDED_AVAILABILITY = YES_AGGRESSIVE;
				CLANG_WARN_UNREACHABLE_CODE = YES;
				CLANG_WARN__DUPLICATE_METHOD_MATCH = YES;
				COPY_PHASE_STRIP = NO;
				DEBUG_INFORMATION_FORMAT = "dwarf-with-dsym";
				ENABLE_NS_ASSERTIONS = NO;
				ENABLE_STRICT_OBJC_MSGSEND = YES;
				GCC_C_LANGUAGE_STANDARD = gnu11;
				GCC_NO_COMMON_BLOCKS = YES;
				GCC_WARN_64_TO_32_BIT_CONVERSION = YES;
				GCC_WARN_ABOUT_RETURN_TYPE = YES_ERROR;
				GCC_WARN_UNDECLARED_SELECTOR = YES;
				GCC_WARN_UNINITIALIZED_AUTOS = YES_AGGRESSIVE;
				GCC_WARN_UNUSED_FUNCTION = YES;
				GCC_WARN_UNUSED_VARIABLE = YES;
				IPHONEOS_DEPLOYMENT_TARGET = 14.0;
				MTL_ENABLE_DEBUG_INFO = NO;
				MTL_FAST_MATH = YES;
				SDKROOT = iphoneos;
				SWIFT_COMPILATION_MODE = wholemodule;
				SWIFT_OPTIMIZATION_LEVEL = "-O";
				VALIDATE_PRODUCT = YES;
			};
			name = Release;
		};
		C9E9295729DAC48B00A6DBBF /* Debug */ = {
			isa = XCBuildConfiguration;
			buildSettings = {
				ASSETCATALOG_COMPILER_APPICON_NAME = AppIcon;
				ASSETCATALOG_COMPILER_GLOBAL_ACCENT_COLOR_NAME = AccentColor;
				CODE_SIGN_STYLE = Automatic;
				CURRENT_PROJECT_VERSION = 1;
				GENERATE_INFOPLIST_FILE = YES;
				INFOPLIST_FILE = MainPizzaScreen/Info.plist;
				INFOPLIST_KEY_UIApplicationSupportsIndirectInputEvents = YES;
				INFOPLIST_KEY_UILaunchStoryboardName = LaunchScreen;
				INFOPLIST_KEY_UISupportedInterfaceOrientations = UIInterfaceOrientationPortrait;
				IPHONEOS_DEPLOYMENT_TARGET = 14.0;
				LD_RUNPATH_SEARCH_PATHS = (
					"$(inherited)",
					"@executable_path/Frameworks",
				);
				MARKETING_VERSION = 1.0;
				PRODUCT_BUNDLE_IDENTIFIER = sports.MainPizzaScreen;
				PRODUCT_NAME = "$(TARGET_NAME)";
				SUPPORTED_PLATFORMS = "iphoneos iphonesimulator";
				SUPPORTS_MACCATALYST = NO;
				SUPPORTS_MAC_DESIGNED_FOR_IPHONE_IPAD = NO;
				SWIFT_EMIT_LOC_STRINGS = YES;
				SWIFT_VERSION = 5.0;
				TARGETED_DEVICE_FAMILY = 1;
			};
			name = Debug;
		};
		C9E9295829DAC48B00A6DBBF /* Release */ = {
			isa = XCBuildConfiguration;
			buildSettings = {
				ASSETCATALOG_COMPILER_APPICON_NAME = AppIcon;
				ASSETCATALOG_COMPILER_GLOBAL_ACCENT_COLOR_NAME = AccentColor;
				CODE_SIGN_STYLE = Automatic;
				CURRENT_PROJECT_VERSION = 1;
				GENERATE_INFOPLIST_FILE = YES;
				INFOPLIST_FILE = MainPizzaScreen/Info.plist;
				INFOPLIST_KEY_UIApplicationSupportsIndirectInputEvents = YES;
				INFOPLIST_KEY_UILaunchStoryboardName = LaunchScreen;
				INFOPLIST_KEY_UISupportedInterfaceOrientations = UIInterfaceOrientationPortrait;
				IPHONEOS_DEPLOYMENT_TARGET = 14.0;
				LD_RUNPATH_SEARCH_PATHS = (
					"$(inherited)",
					"@executable_path/Frameworks",
				);
				MARKETING_VERSION = 1.0;
				PRODUCT_BUNDLE_IDENTIFIER = sports.MainPizzaScreen;
				PRODUCT_NAME = "$(TARGET_NAME)";
				SUPPORTED_PLATFORMS = "iphoneos iphonesimulator";
				SUPPORTS_MACCATALYST = NO;
				SUPPORTS_MAC_DESIGNED_FOR_IPHONE_IPAD = NO;
				SWIFT_EMIT_LOC_STRINGS = YES;
				SWIFT_VERSION = 5.0;
				TARGETED_DEVICE_FAMILY = 1;
			};
			name = Release;
		};
/* End XCBuildConfiguration section */

/* Begin XCConfigurationList section */
		C9E9293A29DAC48900A6DBBF /* Build configuration list for PBXProject "MainPizzaScreen" */ = {
			isa = XCConfigurationList;
			buildConfigurations = (
				C9E9295429DAC48B00A6DBBF /* Debug */,
				C9E9295529DAC48B00A6DBBF /* Release */,
			);
			defaultConfigurationIsVisible = 0;
			defaultConfigurationName = Release;
		};
		C9E9295629DAC48B00A6DBBF /* Build configuration list for PBXNativeTarget "MainPizzaScreen" */ = {
			isa = XCConfigurationList;
			buildConfigurations = (
				C9E9295729DAC48B00A6DBBF /* Debug */,
				C9E9295829DAC48B00A6DBBF /* Release */,
			);
			defaultConfigurationIsVisible = 0;
			defaultConfigurationName = Release;
		};
/* End XCConfigurationList section */

/* Begin XCRemoteSwiftPackageReference section */
		C9E929A129DEFCB300A6DBBF /* XCRemoteSwiftPackageReference "SDWebImage" */ = {
			isa = XCRemoteSwiftPackageReference;
			repositoryURL = "https://github.com/SDWebImage/SDWebImage";
			requirement = {
				kind = upToNextMajorVersion;
				minimumVersion = 5.0.0;
			};
		};
/* End XCRemoteSwiftPackageReference section */

/* Begin XCSwiftPackageProductDependency section */
		C9E929A229DEFCB300A6DBBF /* SDWebImage */ = {
			isa = XCSwiftPackageProductDependency;
			package = C9E929A129DEFCB300A6DBBF /* XCRemoteSwiftPackageReference "SDWebImage" */;
			productName = SDWebImage;
		};
/* End XCSwiftPackageProductDependency section */

/* Begin XCVersionGroup section */
		C9E9294B29DAC48900A6DBBF /* MainPizzaScreen.xcdatamodeld */ = {
			isa = XCVersionGroup;
			children = (
				C9E9294C29DAC48900A6DBBF /* MainPizzaScreen.xcdatamodel */,
			);
			currentVersion = C9E9294C29DAC48900A6DBBF /* MainPizzaScreen.xcdatamodel */;
			path = MainPizzaScreen.xcdatamodeld;
			sourceTree = "<group>";
			versionGroupType = wrapper.xcdatamodel;
		};
/* End XCVersionGroup section */
	};
	rootObject = C9E9293729DAC48900A6DBBF /* Project object */;
}
