// !$*UTF8*$!
{
	archiveVersion = 1;
	classes = {
	};
	objectVersion = 56;
	objects = {

/* Begin PBXBuildFile section */
		C9E9294329DAC48900A6DBBF /* AppDelegate.swift in Sources */ = {isa = PBXBuildFile; fileRef = C9E9294229DAC48900A6DBBF /* AppDelegate.swift */; };
		C9E9294529DAC48900A6DBBF /* SceneDelegate.swift in Sources */ = {isa = PBXBuildFile; fileRef = C9E9294429DAC48900A6DBBF /* SceneDelegate.swift */; };
		C9E9294729DAC48900A6DBBF /* ViewController.swift in Sources */ = {isa = PBXBuildFile; fileRef = C9E9294629DAC48900A6DBBF /* ViewController.swift */; };
		C9E9294A29DAC48900A6DBBF /* Main.storyboard in Resources */ = {isa = PBXBuildFile; fileRef = C9E9294829DAC48900A6DBBF /* Main.storyboard */; };
		C9E9294D29DAC48900A6DBBF /* MainPizzaScreen.xcdatamodeld in Sources */ = {isa = PBXBuildFile; fileRef = C9E9294B29DAC48900A6DBBF /* MainPizzaScreen.xcdatamodeld */; };
		C9E9294F29DAC48B00A6DBBF /* Assets.xcassets in Resources */ = {isa = PBXBuildFile; fileRef = C9E9294E29DAC48B00A6DBBF /* Assets.xcassets */; };
		C9E9295229DAC48B00A6DBBF /* LaunchScreen.storyboard in Resources */ = {isa = PBXBuildFile; fileRef = C9E9295029DAC48B00A6DBBF /* LaunchScreen.storyboard */; };
/* End PBXBuildFile section */

/* Begin PBXFileReference section */
		C9E9293F29DAC48900A6DBBF /* MainPizzaScreen.app */ = {isa = PBXFileReference; explicitFileType = wrapper.application; includeInIndex = 0; path = MainPizzaScreen.app; sourceTree = BUILT_PRODUCTS_DIR; };
		C9E9294229DAC48900A6DBBF /* AppDelegate.swift */ = {isa = PBXFileReference; lastKnownFileType = sourcecode.swift; path = AppDelegate.swift; sourceTree = "<group>"; };
		C9E9294429DAC48900A6DBBF /* SceneDelegate.swift */ = {isa = PBXFileReference; lastKnownFileType = sourcecode.swift; path = SceneDelegate.swift; sourceTree = "<group>"; };
		C9E9294629DAC48900A6DBBF /* ViewController.swift */ = {isa = PBXFileReference; lastKnownFileType = sourcecode.swift; path = ViewController.swift; sourceTree = "<group>"; };
		C9E9294929DAC48900A6DBBF /* Base */ = {isa = PBXFileReference; lastKnownFileType = file.storyboard; name = Base; path = Base.lproj/Main.storyboard; sourceTree = "<group>"; };
		C9E9294C29DAC48900A6DBBF /* MainPizzaScreen.xcdatamodel */ = {isa = PBXFileReference; lastKnownFileType = wrapper.xcdatamodel; path = MainPizzaScreen.xcdatamodel; sourceTree = "<group>"; };
		C9E9294E29DAC48B00A6DBBF /* Assets.xcassets */ = {isa = PBXFileReference; lastKnownFileType = folder.assetcatalog; path = Assets.xcassets; sourceTree = "<group>"; };
		C9E9295129DAC48B00A6DBBF /* Base */ = {isa = PBXFileReference; lastKnownFileType = file.storyboard; name = Base; path = Base.lproj/LaunchScreen.storyboard; sourceTree = "<group>"; };
		C9E9295329DAC48B00A6DBBF /* Info.plist */ = {isa = PBXFileReference; lastKnownFileType = text.plist.xml; path = Info.plist; sourceTree = "<group>"; };
/* End PBXFileReference section */

/* Begin PBXFrameworksBuildPhase section */
		C9E9293C29DAC48900A6DBBF /* Frameworks */ = {
			isa = PBXFrameworksBuildPhase;
			buildActionMask = 2147483647;
			files = (
			);
			runOnlyForDeploymentPostprocessing = 0;
		};
/* End PBXFrameworksBuildPhase section */

/* Begin PBXGroup section */
		C9E9293629DAC48900A6DBBF = {
			isa = PBXGroup;
			children = (
				C9E9294129DAC48900A6DBBF /* MainPizzaScreen */,
				C9E9294029DAC48900A6DBBF /* Products */,
			);
			sourceTree = "<group>";
		};
		C9E9294029DAC48900A6DBBF /* Products */ = {
			isa = PBXGroup;
			children = (
				C9E9293F29DAC48900A6DBBF /* MainPizzaScreen.app */,
			);
			name = Products;
			sourceTree = "<group>";
		};
		C9E9294129DAC48900A6DBBF /* MainPizzaScreen */ = {
			isa = PBXGroup;
			children = (
				C9E9294229DAC48900A6DBBF /* AppDelegate.swift */,
				C9E9294429DAC48900A6DBBF /* SceneDelegate.swift */,
				C9E9294629DAC48900A6DBBF /* ViewController.swift */,
				C9E9294829DAC48900A6DBBF /* Main.storyboard */,
				C9E9294E29DAC48B00A6DBBF /* Assets.xcassets */,
				C9E9295029DAC48B00A6DBBF /* LaunchScreen.storyboard */,
				C9E9295329DAC48B00A6DBBF /* Info.plist */,
				C9E9294B29DAC48900A6DBBF /* MainPizzaScreen.xcdatamodeld */,
			);
			path = MainPizzaScreen;
			sourceTree = "<group>";
		};
/* End PBXGroup section */

/* Begin PBXNativeTarget section */
		C9E9293E29DAC48900A6DBBF /* MainPizzaScreen */ = {
			isa = PBXNativeTarget;
			buildConfigurationList = C9E9295629DAC48B00A6DBBF /* Build configuration list for PBXNativeTarget "MainPizzaScreen" */;
			buildPhases = (
				C9E9293B29DAC48900A6DBBF /* Sources */,
				C9E9293C29DAC48900A6DBBF /* Frameworks */,
				C9E9293D29DAC48900A6DBBF /* Resources */,
			);
			buildRules = (
			);
			dependencies = (
			);
			name = MainPizzaScreen;
			productName = MainPizzaScreen;
			productReference = C9E9293F29DAC48900A6DBBF /* MainPizzaScreen.app */;
			productType = "com.apple.product-type.application";
		};
/* End PBXNativeTarget section */

/* Begin PBXProject section */
		C9E9293729DAC48900A6DBBF /* Project object */ = {
			isa = PBXProject;
			attributes = {
				BuildIndependentTargetsInParallel = 1;
				LastSwiftUpdateCheck = 1420;
				LastUpgradeCheck = 1420;
				TargetAttributes = {
					C9E9293E29DAC48900A6DBBF = {
						CreatedOnToolsVersion = 14.2;
					};
				};
			};
			buildConfigurationList = C9E9293A29DAC48900A6DBBF /* Build configuration list for PBXProject "MainPizzaScreen" */;
			compatibilityVersion = "Xcode 14.0";
			developmentRegion = en;
			hasScannedForEncodings = 0;
			knownRegions = (
				en,
				Base,
			);
			mainGroup = C9E9293629DAC48900A6DBBF;
			productRefGroup = C9E9294029DAC48900A6DBBF /* Products */;
			projectDirPath = "";
			projectRoot = "";
			targets = (
				C9E9293E29DAC48900A6DBBF /* MainPizzaScreen */,
			);
		};
/* End PBXProject section */

/* Begin PBXResourcesBuildPhase section */
		C9E9293D29DAC48900A6DBBF /* Resources */ = {
			isa = PBXResourcesBuildPhase;
			buildActionMask = 2147483647;
			files = (
				C9E9295229DAC48B00A6DBBF /* LaunchScreen.storyboard in Resources */,
				C9E9294F29DAC48B00A6DBBF /* Assets.xcassets in Resources */,
				C9E9294A29DAC48900A6DBBF /* Main.storyboard in Resources */,
			);
			runOnlyForDeploymentPostprocessing = 0;
		};
/* End PBXResourcesBuildPhase section */

/* Begin PBXSourcesBuildPhase section */
		C9E9293B29DAC48900A6DBBF /* Sources */ = {
			isa = PBXSourcesBuildPhase;
			buildActionMask = 2147483647;
			files = (
				C9E9294729DAC48900A6DBBF /* ViewController.swift in Sources */,
				C9E9294329DAC48900A6DBBF /* AppDelegate.swift in Sources */,
				C9E9294529DAC48900A6DBBF /* SceneDelegate.swift in Sources */,
				C9E9294D29DAC48900A6DBBF /* MainPizzaScreen.xcdatamodeld in Sources */,
			);
			runOnlyForDeploymentPostprocessing = 0;
		};
/* End PBXSourcesBuildPhase section */

/* Begin PBXVariantGroup section */
		C9E9294829DAC48900A6DBBF /* Main.storyboard */ = {
			isa = PBXVariantGroup;
			children = (
				C9E9294929DAC48900A6DBBF /* Base */,
			);
			name = Main.storyboard;
			sourceTree = "<group>";
		};
		C9E9295029DAC48B00A6DBBF /* LaunchScreen.storyboard */ = {
			isa = PBXVariantGroup;
			children = (
				C9E9295129DAC48B00A6DBBF /* Base */,
			);
			name = LaunchScreen.storyboard;
			sourceTree = "<group>";
		};
/* End PBXVariantGroup section */

/* Begin XCBuildConfiguration section */
		C9E9295429DAC48B00A6DBBF /* Debug */ = {
			isa = XCBuildConfiguration;
			buildSettings = {
				ALWAYS_SEARCH_USER_PATHS = NO;
				CLANG_ANALYZER_NONNULL = YES;
				CLANG_ANALYZER_NUMBER_OBJECT_CONVERSION = YES_AGGRESSIVE;
				CLANG_CXX_LANGUAGE_STANDARD = "gnu++20";
				CLANG_ENABLE_MODULES = YES;
				CLANG_ENABLE_OBJC_ARC = YES;
				CLANG_ENABLE_OBJC_WEAK = YES;
				CLANG_WARN_BLOCK_CAPTURE_AUTORELEASING = YES;
				CLANG_WARN_BOOL_CONVERSION = YES;
				CLANG_WARN_COMMA = YES;
				CLANG_WARN_CONSTANT_CONVERSION = YES;
				CLANG_WARN_DEPRECATED_OBJC_IMPLEMENTATIONS = YES;
				CLANG_WARN_DIRECT_OBJC_ISA_USAGE = YES_ERROR;
				CLANG_WARN_DOCUMENTATION_COMMENTS = YES;
				CLANG_WARN_EMPTY_BODY = YES;
				CLANG_WARN_ENUM_CONVERSION = YES;
				CLANG_WARN_INFINITE_RECURSION = YES;
				CLANG_WARN_INT_CONVERSION = YES;
				CLANG_WARN_NON_LITERAL_NULL_CONVERSION = YES;
				CLANG_WARN_OBJC_IMPLICIT_RETAIN_SELF = YES;
				CLANG_WARN_OBJC_LITERAL_CONVERSION = YES;
				CLANG_WARN_OBJC_ROOT_CLASS = YES_ERROR;
				CLANG_WARN_QUOTED_INCLUDE_IN_FRAMEWORK_HEADER = YES;
				CLANG_WARN_RANGE_LOOP_ANALYSIS = YES;
				CLANG_WARN_STRICT_PROTOTYPES = YES;
				CLANG_WARN_SUSPICIOUS_MOVE = YES;
				CLANG_WARN_UNGUARDED_AVAILABILITY = YES_AGGRESSIVE;
				CLANG_WARN_UNREACHABLE_CODE = YES;
				CLANG_WARN__DUPLICATE_METHOD_MATCH = YES;
				COPY_PHASE_STRIP = NO;
				DEBUG_INFORMATION_FORMAT = dwarf;
				ENABLE_STRICT_OBJC_MSGSEND = YES;
				ENABLE_TESTABILITY = YES;
				GCC_C_LANGUAGE_STANDARD = gnu11;
				GCC_DYNAMIC_NO_PIC = NO;
				GCC_NO_COMMON_BLOCKS = YES;
				GCC_OPTIMIZATION_LEVEL = 0;
				GCC_PREPROCESSOR_DEFINITIONS = (
					"DEBUG=1",
					"$(inherited)",
				);
				GCC_WARN_64_TO_32_BIT_CONVERSION = YES;
				GCC_WARN_ABOUT_RETURN_TYPE = YES_ERROR;
				GCC_WARN_UNDECLARED_SELECTOR = YES;
				GCC_WARN_UNINITIALIZED_AUTOS = YES_AGGRESSIVE;
				GCC_WARN_UNUSED_FUNCTION = YES;
				GCC_WARN_UNUSED_VARIABLE = YES;
				IPHONEOS_DEPLOYMENT_TARGET = 16.2;
				MTL_ENABLE_DEBUG_INFO = INCLUDE_SOURCE;
				MTL_FAST_MATH = YES;
				ONLY_ACTIVE_ARCH = YES;
				SDKROOT = iphoneos;
				SWIFT_ACTIVE_COMPILATION_CONDITIONS = DEBUG;
				SWIFT_OPTIMIZATION_LEVEL = "-Onone";
			};
			name = Debug;
		};
		C9E9295529DAC48B00A6DBBF /* Release */ = {
			isa = XCBuildConfiguration;
			buildSettings = {
				ALWAYS_SEARCH_USER_PATHS = NO;
				CLANG_ANALYZER_NONNULL = YES;
				CLANG_ANALYZER_NUMBER_OBJECT_CONVERSION = YES_AGGRESSIVE;
				CLANG_CXX_LANGUAGE_STANDARD = "gnu++20";
				CLANG_ENABLE_MODULES = YES;
				CLANG_ENABLE_OBJC_ARC = YES;
				CLANG_ENABLE_OBJC_WEAK = YES;
				CLANG_WARN_BLOCK_CAPTURE_AUTORELEASING = YES;
				CLANG_WARN_BOOL_CONVERSION = YES;
				CLANG_WARN_COMMA = YES;
				CLANG_WARN_CONSTANT_CONVERSION = YES;
				CLANG_WARN_DEPRECATED_OBJC_IMPLEMENTATIONS = YES;
				CLANG_WARN_DIRECT_OBJC_ISA_USAGE = YES_ERROR;
				CLANG_WARN_DOCUMENTATION_COMMENTS = YES;
				CLANG_WARN_EMPTY_BODY = YES;
				CLANG_WARN_ENUM_CONVERSION = YES;
				CLANG_WARN_INFINITE_RECURSION = YES;
				CLANG_WARN_INT_CONVERSION = YES;
				CLANG_WARN_NON_LITERAL_NULL_CONVERSION = YES;
				CLANG_WARN_OBJC_IMPLICIT_RETAIN_SELF = YES;
				CLANG_WARN_OBJC_LITERAL_CONVERSION = YES;
				CLANG_WARN_OBJC_ROOT_CLASS = YES_ERROR;
				CLANG_WARN_QUOTED_INCLUDE_IN_FRAMEWORK_HEADER = YES;
				CLANG_WARN_RANGE_LOOP_ANALYSIS = YES;
				CLANG_WARN_STRICT_PROTOTYPES = YES;
				CLANG_WARN_SUSPICIOUS_MOVE = YES;
				CLANG_WARN_UNGUARDED_AVAILABILITY = YES_AGGRESSIVE;
				CLANG_WARN_UNREACHABLE_CODE = YES;
				CLANG_WARN__DUPLICATE_METHOD_MATCH = YES;
				COPY_PHASE_STRIP = NO;
				DEBUG_INFORMATION_FORMAT = "dwarf-with-dsym";
				ENABLE_NS_ASSERTIONS = NO;
				ENABLE_STRICT_OBJC_MSGSEND = YES;
				GCC_C_LANGUAGE_STANDARD = gnu11;
				GCC_NO_COMMON_BLOCKS = YES;
				GCC_WARN_64_TO_32_BIT_CONVERSION = YES;
				GCC_WARN_ABOUT_RETURN_TYPE = YES_ERROR;
				GCC_WARN_UNDECLARED_SELECTOR = YES;
				GCC_WARN_UNINITIALIZED_AUTOS = YES_AGGRESSIVE;
				GCC_WARN_UNUSED_FUNCTION = YES;
				GCC_WARN_UNUSED_VARIABLE = YES;
				IPHONEOS_DEPLOYMENT_TARGET = 16.2;
				MTL_ENABLE_DEBUG_INFO = NO;
				MTL_FAST_MATH = YES;
				SDKROOT = iphoneos;
				SWIFT_COMPILATION_MODE = wholemodule;
				SWIFT_OPTIMIZATION_LEVEL = "-O";
				VALIDATE_PRODUCT = YES;
			};
			name = Release;
		};
		C9E9295729DAC48B00A6DBBF /* Debug */ = {
			isa = XCBuildConfiguration;
			buildSettings = {
				ASSETCATALOG_COMPILER_APPICON_NAME = AppIcon;
				ASSETCATALOG_COMPILER_GLOBAL_ACCENT_COLOR_NAME = AccentColor;
				CODE_SIGN_STYLE = Automatic;
				CURRENT_PROJECT_VERSION = 1;
				GENERATE_INFOPLIST_FILE = YES;
				INFOPLIST_FILE = MainPizzaScreen/Info.plist;
				INFOPLIST_KEY_UIApplicationSupportsIndirectInputEvents = YES;
				INFOPLIST_KEY_UILaunchStoryboardName = LaunchScreen;
				INFOPLIST_KEY_UIMainStoryboardFile = Main;
				INFOPLIST_KEY_UISupportedInterfaceOrientations_iPad = "UIInterfaceOrientationPortrait UIInterfaceOrientationPortraitUpsideDown UIInterfaceOrientationLandscapeLeft UIInterfaceOrientationLandscapeRight";
				INFOPLIST_KEY_UISupportedInterfaceOrientations_iPhone = "UIInterfaceOrientationPortrait UIInterfaceOrientationLandscapeLeft UIInterfaceOrientationLandscapeRight";
				LD_RUNPATH_SEARCH_PATHS = (
					"$(inherited)",
					"@executable_path/Frameworks",
				);
				MARKETING_VERSION = 1.0;
				PRODUCT_BUNDLE_IDENTIFIER = sports.MainPizzaScreen;
				PRODUCT_NAME = "$(TARGET_NAME)";
				SWIFT_EMIT_LOC_STRINGS = YES;
				SWIFT_VERSION = 5.0;
				TARGETED_DEVICE_FAMILY = "1,2";
			};
			name = Debug;
		};
		C9E9295829DAC48B00A6DBBF /* Release */ = {
			isa = XCBuildConfiguration;
			buildSettings = {
				ASSETCATALOG_COMPILER_APPICON_NAME = AppIcon;
				ASSETCATALOG_COMPILER_GLOBAL_ACCENT_COLOR_NAME = AccentColor;
				CODE_SIGN_STYLE = Automatic;
				CURRENT_PROJECT_VERSION = 1;
				GENERATE_INFOPLIST_FILE = YES;
				INFOPLIST_FILE = MainPizzaScreen/Info.plist;
				INFOPLIST_KEY_UIApplicationSupportsIndirectInputEvents = YES;
				INFOPLIST_KEY_UILaunchStoryboardName = LaunchScreen;
				INFOPLIST_KEY_UIMainStoryboardFile = Main;
				INFOPLIST_KEY_UISupportedInterfaceOrientations_iPad = "UIInterfaceOrientationPortrait UIInterfaceOrientationPortraitUpsideDown UIInterfaceOrientationLandscapeLeft UIInterfaceOrientationLandscapeRight";
				INFOPLIST_KEY_UISupportedInterfaceOrientations_iPhone = "UIInterfaceOrientationPortrait UIInterfaceOrientationLandscapeLeft UIInterfaceOrientationLandscapeRight";
				LD_RUNPATH_SEARCH_PATHS = (
					"$(inherited)",
					"@executable_path/Frameworks",
				);
				MARKETING_VERSION = 1.0;
				PRODUCT_BUNDLE_IDENTIFIER = sports.MainPizzaScreen;
				PRODUCT_NAME = "$(TARGET_NAME)";
				SWIFT_EMIT_LOC_STRINGS = YES;
				SWIFT_VERSION = 5.0;
				TARGETED_DEVICE_FAMILY = "1,2";
			};
			name = Release;
		};
/* End XCBuildConfiguration section */

/* Begin XCConfigurationList section */
		C9E9293A29DAC48900A6DBBF /* Build configuration list for PBXProject "MainPizzaScreen" */ = {
			isa = XCConfigurationList;
			buildConfigurations = (
				C9E9295429DAC48B00A6DBBF /* Debug */,
				C9E9295529DAC48B00A6DBBF /* Release */,
			);
			defaultConfigurationIsVisible = 0;
			defaultConfigurationName = Release;
		};
		C9E9295629DAC48B00A6DBBF /* Build configuration list for PBXNativeTarget "MainPizzaScreen" */ = {
			isa = XCConfigurationList;
			buildConfigurations = (
				C9E9295729DAC48B00A6DBBF /* Debug */,
				C9E9295829DAC48B00A6DBBF /* Release */,
			);
			defaultConfigurationIsVisible = 0;
			defaultConfigurationName = Release;
		};
/* End XCConfigurationList section */

/* Begin XCVersionGroup section */
		C9E9294B29DAC48900A6DBBF /* MainPizzaScreen.xcdatamodeld */ = {
			isa = XCVersionGroup;
			children = (
				C9E9294C29DAC48900A6DBBF /* MainPizzaScreen.xcdatamodel */,
			);
			currentVersion = C9E9294C29DAC48900A6DBBF /* MainPizzaScreen.xcdatamodel */;
			path = MainPizzaScreen.xcdatamodeld;
			sourceTree = "<group>";
			versionGroupType = wrapper.xcdatamodel;
		};
/* End XCVersionGroup section */
	};
	rootObject = C9E9293729DAC48900A6DBBF /* Project object */;
}
